
Microsoft Visual Studio Solution File, Format Version 12.00
# Visual Studio Version 16
VisualStudioVersion = 16.0.31025.194
MinimumVisualStudioVersion = 10.0.40219.1
Project("{FAE04EC0-301F-11D3-BF4B-00C04F79EFBC}") = "Ejercicio07.Android", "Ejercicio07\Ejercicio07.Android\Ejercicio07.Android.csproj", "{A06B9DEC-A2E7-4A06-B6B8-1FA55F82ECD1}"
EndProject
Project("{FAE04EC0-301F-11D3-BF4B-00C04F79EFBC}") = "Ejercicio07.iOS", "Ejercicio07\Ejercicio07.iOS\Ejercicio07.iOS.csproj", "{737A69E1-0FA9-4CF4-BC84-0B45C0F3CFF7}"
EndProject
Project("{FAE04EC0-301F-11D3-BF4B-00C04F79EFBC}") = "Ejercicio07", "Ejercicio07\Ejercicio07\Ejercicio07.csproj", "{4A9AC952-C4E0-464E-BB3B-3A4BBC89D325}"
EndProject
Global
	GlobalSection(SolutionConfigurationPlatforms) = preSolution
		Debug|Any CPU = Debug|Any CPU
		Debug|iPhone = Debug|iPhone
		Debug|iPhoneSimulator = Debug|iPhoneSimulator
		Release|Any CPU = Release|Any CPU
		Release|iPhone = Release|iPhone
		Release|iPhoneSimulator = Release|iPhoneSimulator
	EndGlobalSection
	GlobalSection(ProjectConfigurationPlatforms) = postSolution
		{A06B9DEC-A2E7-4A06-B6B8-1FA55F82ECD1}.Debug|Any CPU.ActiveCfg = Debug|Any CPU
		{A06B9DEC-A2E7-4A06-B6B8-1FA55F82ECD1}.Debug|Any CPU.Build.0 = Debug|Any CPU
		{A06B9DEC-A2E7-4A06-B6B8-1FA55F82ECD1}.Debug|Any CPU.Deploy.0 = Debug|Any CPU
		{A06B9DEC-A2E7-4A06-B6B8-1FA55F82ECD1}.Debug|iPhone.ActiveCfg = Debug|Any CPU
		{A06B9DEC-A2E7-4A06-B6B8-1FA55F82ECD1}.Debug|iPhone.Build.0 = Debug|Any CPU
		{A06B9DEC-A2E7-4A06-B6B8-1FA55F82ECD1}.Debug|iPhone.Deploy.0 = Debug|Any CPU
		{A06B9DEC-A2E7-4A06-B6B8-1FA55F82ECD1}.Debug|iPhoneSimulator.ActiveCfg = Debug|Any CPU
		{A06B9DEC-A2E7-4A06-B6B8-1FA55F82ECD1}.Debug|iPhoneSimulator.Build.0 = Debug|Any CPU
		{A06B9DEC-A2E7-4A06-B6B8-1FA55F82ECD1}.Debug|iPhoneSimulator.Deploy.0 = Debug|Any CPU
		{A06B9DEC-A2E7-4A06-B6B8-1FA55F82ECD1}.Release|Any CPU.ActiveCfg = Release|Any CPU
		{A06B9DEC-A2E7-4A06-B6B8-1FA55F82ECD1}.Release|Any CPU.Build.0 = Release|Any CPU
		{A06B9DEC-A2E7-4A06-B6B8-1FA55F82ECD1}.Release|Any CPU.Deploy.0 = Release|Any CPU
		{A06B9DEC-A2E7-4A06-B6B8-1FA55F82ECD1}.Release|iPhone.ActiveCfg = Release|Any CPU
		{A06B9DEC-A2E7-4A06-B6B8-1FA55F82ECD1}.Release|iPhone.Build.0 = Release|Any CPU
		{A06B9DEC-A2E7-4A06-B6B8-1FA55F82ECD1}.Release|iPhone.Deploy.0 = Release|Any CPU
		{A06B9DEC-A2E7-4A06-B6B8-1FA55F82ECD1}.Release|iPhoneSimulator.ActiveCfg = Release|Any CPU
		{A06B9DEC-A2E7-4A06-B6B8-1FA55F82ECD1}.Release|iPhoneSimulator.Build.0 = Release|Any CPU
		{A06B9DEC-A2E7-4A06-B6B8-1FA55F82ECD1}.Release|iPhoneSimulator.Deploy.0 = Release|Any CPU
		{737A69E1-0FA9-4CF4-BC84-0B45C0F3CFF7}.Debug|Any CPU.ActiveCfg = Debug|iPhone
		{737A69E1-0FA9-4CF4-BC84-0B45C0F3CFF7}.Debug|Any CPU.Build.0 = Debug|iPhone
		{737A69E1-0FA9-4CF4-BC84-0B45C0F3CFF7}.Debug|Any CPU.Deploy.0 = Debug|iPhone
		{737A69E1-0FA9-4CF4-BC84-0B45C0F3CFF7}.Debug|iPhone.ActiveCfg = Debug|iPhone
		{737A69E1-0FA9-4CF4-BC84-0B45C0F3CFF7}.Debug|iPhone.Build.0 = Debug|iPhone
		{737A69E1-0FA9-4CF4-BC84-0B45C0F3CFF7}.Debug|iPhone.Deploy.0 = Debug|iPhone
		{737A69E1-0FA9-4CF4-BC84-0B45C0F3CFF7}.Debug|iPhoneSimulator.ActiveCfg = Debug|iPhoneSimulator
		{737A69E1-0FA9-4CF4-BC84-0B45C0F3CFF7}.Debug|iPhoneSimulator.Build.0 = Debug|iPhoneSimulator
		{737A69E1-0FA9-4CF4-BC84-0B45C0F3CFF7}.Debug|iPhoneSimulator.Deploy.0 = Debug|iPhoneSimulator
		{737A69E1-0FA9-4CF4-BC84-0B45C0F3CFF7}.Release|Any CPU.ActiveCfg = Release|iPhoneSimulator
		{737A69E1-0FA9-4CF4-BC84-0B45C0F3CFF7}.Release|Any CPU.Build.0 = Release|iPhoneSimulator
		{737A69E1-0FA9-4CF4-BC84-0B45C0F3CFF7}.Release|Any CPU.Deploy.0 = Release|iPhoneSimulator
		{737A69E1-0FA9-4CF4-BC84-0B45C0F3CFF7}.Release|iPhone.ActiveCfg = Release|iPhone
		{737A69E1-0FA9-4CF4-BC84-0B45C0F3CFF7}.Release|iPhone.Build.0 = Release|iPhone
		{737A69E1-0FA9-4CF4-BC84-0B45C0F3CFF7}.Release|iPhone.Deploy.0 = Release|iPhone
		{737A69E1-0FA9-4CF4-BC84-0B45C0F3CFF7}.Release|iPhoneSimulator.ActiveCfg = Release|iPhoneSimulator
		{737A69E1-0FA9-4CF4-BC84-0B45C0F3CFF7}.Release|iPhoneSimulator.Build.0 = Release|iPhoneSimulator
		{737A69E1-0FA9-4CF4-BC84-0B45C0F3CFF7}.Release|iPhoneSimulator.Deploy.0 = Release|iPhoneSimulator
		{4A9AC952-C4E0-464E-BB3B-3A4BBC89D325}.Debug|Any CPU.ActiveCfg = Debug|Any CPU
		{4A9AC952-C4E0-464E-BB3B-3A4BBC89D325}.Debug|Any CPU.Build.0 = Debug|Any CPU
		{4A9AC952-C4E0-464E-BB3B-3A4BBC89D325}.Debug|Any CPU.Deploy.0 = Debug|Any CPU
		{4A9AC952-C4E0-464E-BB3B-3A4BBC89D325}.Debug|iPhone.ActiveCfg = Debug|Any CPU
		{4A9AC952-C4E0-464E-BB3B-3A4BBC89D325}.Debug|iPhone.Build.0 = Debug|Any CPU
		{4A9AC952-C4E0-464E-BB3B-3A4BBC89D325}.Debug|iPhone.Deploy.0 = Debug|Any CPU
		{4A9AC952-C4E0-464E-BB3B-3A4BBC89D325}.Debug|iPhoneSimulator.ActiveCfg = Debug|Any CPU
		{4A9AC952-C4E0-464E-BB3B-3A4BBC89D325}.Debug|iPhoneSimulator.Build.0 = Debug|Any CPU
		{4A9AC952-C4E0-464E-BB3B-3A4BBC89D325}.Debug|iPhoneSimulator.Deploy.0 = Debug|Any CPU
		{4A9AC952-C4E0-464E-BB3B-3A4BBC89D325}.Release|Any CPU.ActiveCfg = Release|Any CPU
		{4A9AC952-C4E0-464E-BB3B-3A4BBC89D325}.Release|Any CPU.Build.0 = Release|Any CPU
		{4A9AC952-C4E0-464E-BB3B-3A4BBC89D325}.Release|Any CPU.Deploy.0 = Release|Any CPU
		{4A9AC952-C4E0-464E-BB3B-3A4BBC89D325}.Release|iPhone.ActiveCfg = Release|Any CPU
		{4A9AC952-C4E0-464E-BB3B-3A4BBC89D325}.Release|iPhone.Build.0 = Release|Any CPU
		{4A9AC952-C4E0-464E-BB3B-3A4BBC89D325}.Release|iPhone.Deploy.0 = Release|Any CPU
		{4A9AC952-C4E0-464E-BB3B-3A4BBC89D325}.Release|iPhoneSimulator.ActiveCfg = Release|Any CPU
		{4A9AC952-C4E0-464E-BB3B-3A4BBC89D325}.Release|iPhoneSimulator.Build.0 = Release|Any CPU
		{4A9AC952-C4E0-464E-BB3B-3A4BBC89D325}.Release|iPhoneSimulator.Deploy.0 = Release|Any CPU
	EndGlobalSection
	GlobalSection(SolutionProperties) = preSolution
		HideSolutionNode = FALSE
	EndGlobalSection
	GlobalSection(ExtensibilityGlobals) = postSolution
		SolutionGuid = {B060016A-DAC5-4018-B451-A23CF89069D6}
	EndGlobalSection
EndGlobal
